# THIS IS AN AUTOGENERATED FILE. DO NOT EDIT THIS FILE DIRECTLY.
# yarn lockfile v1


"@prisma/debug@5.11.0":
  version "5.11.0"
  resolved "https://registry.yarnpkg.com/@prisma/debug/-/debug-5.11.0.tgz#80e3f9d5a8f678c67a8783f7fcdda3cbbb8dd091"
  integrity sha512-N6yYr3AbQqaiUg+OgjkdPp3KPW1vMTAgtKX6+BiB/qB2i1TjLYCrweKcUjzOoRM5BriA4idrkTej9A9QqTfl3A==

"@prisma/engines-version@5.11.0-15.efd2449663b3d73d637ea1fd226bafbcf45b3102":
  version "5.11.0-15.efd2449663b3d73d637ea1fd226bafbcf45b3102"
  resolved "https://registry.yarnpkg.com/@prisma/engines-version/-/engines-version-5.11.0-15.efd2449663b3d73d637ea1fd226bafbcf45b3102.tgz#a7aa218b1ebf1077798c931632461aae8ce6a8f7"
  integrity sha512-WXCuyoymvrS4zLz4wQagSsc3/nE6CHy8znyiMv8RKazKymOMd5o9FP5RGwGHAtgoxd+aB/BWqxuP/Ckfu7/3MA==

"@prisma/engines@5.11.0":
  version "5.11.0"
  resolved "https://registry.yarnpkg.com/@prisma/engines/-/engines-5.11.0.tgz#96e941c5c81ce68f3a8b4c481007d397564c5d4b"
  integrity sha512-gbrpQoBTYWXDRqD+iTYMirDlF9MMlQdxskQXbhARhG6A/uFQjB7DZMYocMQLoiZXO/IskfDOZpPoZE8TBQKtEw==
  dependencies:
    "@prisma/debug" "5.11.0"
    "@prisma/engines-version" "5.11.0-15.efd2449663b3d73d637ea1fd226bafbcf45b3102"
    "@prisma/fetch-engine" "5.11.0"
    "@prisma/get-platform" "5.11.0"

"@prisma/fetch-engine@5.11.0":
  version "5.11.0"
  resolved "https://registry.yarnpkg.com/@prisma/fetch-engine/-/fetch-engine-5.11.0.tgz#cd7a2fa5b5d89f1da0689e329c56fa69223fba7d"
  integrity sha512-994viazmHTJ1ymzvWugXod7dZ42T2ROeFuH6zHPcUfp/69+6cl5r9u3NFb6bW8lLdNjwLYEVPeu3hWzxpZeC0w==
  dependencies:
    "@prisma/debug" "5.11.0"
    "@prisma/engines-version" "5.11.0-15.efd2449663b3d73d637ea1fd226bafbcf45b3102"
    "@prisma/get-platform" "5.11.0"

"@prisma/get-platform@5.11.0":
  version "5.11.0"
  resolved "https://registry.yarnpkg.com/@prisma/get-platform/-/get-platform-5.11.0.tgz#19a768127b1712c27f5dec8a0a79a4c9675829eb"
  integrity sha512-rxtHpMLxNTHxqWuGOLzR2QOyQi79rK1u1XYAVLZxDGTLz/A+uoDnjz9veBFlicrpWjwuieM4N6jcnjj/DDoidw==
  dependencies:
    "@prisma/debug" "5.11.0"

prisma@^5.11.0:
  version "5.11.0"
  resolved "https://registry.yarnpkg.com/prisma/-/prisma-5.11.0.tgz#ef3891f79921a2deec6f540eba13a3cc8525f6d2"
  integrity sha512-KCLiug2cs0Je7kGkQBN9jDWoZ90ogE/kvZTUTgz2h94FEo8pczCkPH7fPNXkD1sGU7Yh65risGGD1HQ5DF3r3g==
  dependencies:
    "@prisma/engines" "5.11.0"
